[[package]]
name = "atomicwrites"
version = "1.4.0"
description = "Atomic file writes."
category = "dev"
optional = false
python-versions = ">=2.7, !=3.0.*, !=3.1.*, !=3.2.*, !=3.3.*"

[[package]]
name = "attrs"
version = "21.2.0"
description = "Classes Without Boilerplate"
category = "dev"
optional = false
python-versions = ">=2.7, !=3.0.*, !=3.1.*, !=3.2.*, !=3.3.*, !=3.4.*"

[package.extras]
dev = ["coverage[toml] (>=5.0.2)", "hypothesis", "pympler", "pytest (>=4.3.0)", "six", "mypy", "pytest-mypy-plugins", "zope.interface", "furo", "sphinx", "sphinx-notfound-page", "pre-commit"]
docs = ["furo", "sphinx", "zope.interface", "sphinx-notfound-page"]
tests = ["coverage[toml] (>=5.0.2)", "hypothesis", "pympler", "pytest (>=4.3.0)", "six", "mypy", "pytest-mypy-plugins", "zope.interface"]
tests_no_zope = ["coverage[toml] (>=5.0.2)", "hypothesis", "pympler", "pytest (>=4.3.0)", "six", "mypy", "pytest-mypy-plugins"]

[[package]]
name = "colorama"
version = "0.4.4"
description = "Cross-platform colored terminal text."
category = "dev"
optional = false
python-versions = ">=2.7, !=3.0.*, !=3.1.*, !=3.2.*, !=3.3.*, !=3.4.*"

[[package]]
name = "mistune"
version = "2.0.0rc1"
description = "A sane Markdown parser with useful plugins and renderers"
category = "main"
optional = false
python-versions = "*"

[[package]]
name = "more-itertools"
version = "8.8.0"
description = "More routines for operating on iterables, beyond itertools"
category = "dev"
optional = false
python-versions = ">=3.5"

[[package]]
name = "packaging"
version = "21.0"
description = "Core utilities for Python packages"
category = "dev"
optional = false
python-versions = ">=3.6"

[package.dependencies]
pyparsing = ">=2.0.2"

[[package]]
name = "pluggy"
version = "0.13.1"
description = "plugin and hook calling mechanisms for python"
category = "dev"
optional = false
python-versions = ">=2.7, !=3.0.*, !=3.1.*, !=3.2.*, !=3.3.*"

[package.extras]
dev = ["pre-commit", "tox"]

[[package]]
name = "py"
version = "1.10.0"
description = "library with cross-python path, ini-parsing, io, code, log facilities"
category = "dev"
optional = false
python-versions = ">=2.7, !=3.0.*, !=3.1.*, !=3.2.*, !=3.3.*"

[[package]]
name = "pyparsing"
version = "2.4.7"
description = "Python parsing module"
category = "dev"
optional = false
python-versions = ">=2.6, !=3.0.*, !=3.1.*, !=3.2.*"

[[package]]
name = "pytest"
version = "5.4.3"
description = "pytest: simple powerful testing with Python"
category = "dev"
optional = false
python-versions = ">=3.5"

[package.dependencies]
atomicwrites = {version = ">=1.0", markers = "sys_platform == \"win32\""}
attrs = ">=17.4.0"
colorama = {version = "*", markers = "sys_platform == \"win32\""}
more-itertools = ">=4.0.0"
packaging = "*"
pluggy = ">=0.12,<1.0"
py = ">=1.5.0"
wcwidth = "*"

[package.extras]
checkqa-mypy = ["mypy (==v0.761)"]
testing = ["argcomplete", "hypothesis (>=3.56)", "mock", "nose", "requests", "xmlschema"]

[[package]]
name = "watchdog"
version = "2.1.3"
description = "Filesystem events monitoring"
category = "main"
optional = false
python-versions = ">=3.6"

[package.extras]
watchmedo = ["PyYAML (>=3.10)", "argh (>=0.24.1)"]

[[package]]
name = "wcwidth"
version = "0.2.5"
description = "Measures the displayed width of unicode strings in a terminal"
category = "dev"
optional = false
python-versions = "*"

[metadata]
lock-version = "1.1"
python-versions = "^3.9"
content-hash = "275efb50179d2df06f3ec41ea2071d5089b12c046785681968fa58a34a092f90"

[metadata.files]
atomicwrites = [
    {file = "atomicwrites-1.4.0-py2.py3-none-any.whl", hash = "sha256:6d1784dea7c0c8d4a5172b6c620f40b6e4cbfdf96d783691f2e1302a7b88e197"},
    {file = "atomicwrites-1.4.0.tar.gz", hash = "sha256:ae70396ad1a434f9c7046fd2dd196fc04b12f9e91ffb859164193be8b6168a7a"},
]
attrs = [
    {file = "attrs-21.2.0-py2.py3-none-any.whl", hash = "sha256:149e90d6d8ac20db7a955ad60cf0e6881a3f20d37096140088356da6c716b0b1"},
    {file = "attrs-21.2.0.tar.gz", hash = "sha256:ef6aaac3ca6cd92904cdd0d83f629a15f18053ec84e6432106f7a4d04ae4f5fb"},
]
colorama = [
    {file = "colorama-0.4.4-py2.py3-none-any.whl", hash = "sha256:9f47eda37229f68eee03b24b9748937c7dc3868f906e8ba69fbcbdd3bc5dc3e2"},
    {file = "colorama-0.4.4.tar.gz", hash = "sha256:5941b2b48a20143d2267e95b1c2a7603ce057ee39fd88e7329b0c292aa16869b"},
]
mistune = [
    {file = "mistune-2.0.0rc1-py2.py3-none-any.whl", hash = "sha256:02437870a8d594e61e4f6cff2f56f5104d17d56e3fea5fb234070ede5e7c2eae"},
    {file = "mistune-2.0.0rc1.tar.gz", hash = "sha256:452bdba97c27efc7c1a83823ed0d6a08a9ad6ea5c67648248509f618b68aa7d9"},
]
more-itertools = [
    {file = "more-itertools-8.8.0.tar.gz", hash = "sha256:83f0308e05477c68f56ea3a888172c78ed5d5b3c282addb67508e7ba6c8f813a"},
    {file = "more_itertools-8.8.0-py3-none-any.whl", hash = "sha256:2cf89ec599962f2ddc4d568a05defc40e0a587fbc10d5989713638864c36be4d"},
]
packaging = [
    {file = "packaging-21.0-py3-none-any.whl", hash = "sha256:c86254f9220d55e31cc94d69bade760f0847da8000def4dfe1c6b872fd14ff14"},
    {file = "packaging-21.0.tar.gz", hash = "sha256:7dc96269f53a4ccec5c0670940a4281106dd0bb343f47b7471f779df49c2fbe7"},
]
pluggy = [
    {file = "pluggy-0.13.1-py2.py3-none-any.whl", hash = "sha256:966c145cd83c96502c3c3868f50408687b38434af77734af1e9ca461a4081d2d"},
    {file = "pluggy-0.13.1.tar.gz", hash = "sha256:15b2acde666561e1298d71b523007ed7364de07029219b604cf808bfa1c765b0"},
]
py = [
    {file = "py-1.10.0-py2.py3-none-any.whl", hash = "sha256:3b80836aa6d1feeaa108e046da6423ab8f6ceda6468545ae8d02d9d58d18818a"},
    {file = "py-1.10.0.tar.gz", hash = "sha256:21b81bda15b66ef5e1a777a21c4dcd9c20ad3efd0b3f817e7a809035269e1bd3"},
]
pyparsing = [
    {file = "pyparsing-2.4.7-py2.py3-none-any.whl", hash = "sha256:ef9d7589ef3c200abe66653d3f1ab1033c3c419ae9b9bdb1240a85b024efc88b"},
    {file = "pyparsing-2.4.7.tar.gz", hash = "sha256:c203ec8783bf771a155b207279b9bccb8dea02d8f0c9e5f8ead507bc3246ecc1"},
]
pytest = [
    {file = "pytest-5.4.3-py3-none-any.whl", hash = "sha256:5c0db86b698e8f170ba4582a492248919255fcd4c79b1ee64ace34301fb589a1"},
    {file = "pytest-5.4.3.tar.gz", hash = "sha256:7979331bfcba207414f5e1263b5a0f8f521d0f457318836a7355531ed1a4c7d8"},
]
watchdog = [
    {file = "watchdog-2.1.3-cp36-cp36m-macosx_10_9_x86_64.whl", hash = "sha256:9628f3f85375a17614a2ab5eac7665f7f7be8b6b0a2a228e6f6a2e91dd4bfe26"},
    {file = "watchdog-2.1.3-cp37-cp37m-macosx_10_9_x86_64.whl", hash = "sha256:acc4e2d5be6f140f02ee8590e51c002829e2c33ee199036fcd61311d558d89f4"},
    {file = "watchdog-2.1.3-cp38-cp38-macosx_10_9_universal2.whl", hash = "sha256:85b851237cf3533fabbc034ffcd84d0fa52014b3121454e5f8b86974b531560c"},
    {file = "watchdog-2.1.3-cp38-cp38-macosx_10_9_x86_64.whl", hash = "sha256:a12539ecf2478a94e4ba4d13476bb2c7a2e0a2080af2bb37df84d88b1b01358a"},
    {file = "watchdog-2.1.3-cp38-cp38-macosx_11_0_arm64.whl", hash = "sha256:6fe9c8533e955c6589cfea6f3f0a1a95fb16867a211125236c82e1815932b5d7"},
    {file = "watchdog-2.1.3-cp39-cp39-macosx_10_9_universal2.whl", hash = "sha256:d9456f0433845e7153b102fffeb767bde2406b76042f2216838af3b21707894e"},
    {file = "watchdog-2.1.3-cp39-cp39-macosx_10_9_x86_64.whl", hash = "sha256:fd8c595d5a93abd441ee7c5bb3ff0d7170e79031520d113d6f401d0cf49d7c8f"},
    {file = "watchdog-2.1.3-cp39-cp39-macosx_11_0_arm64.whl", hash = "sha256:0bcfe904c7d404eb6905f7106c54873503b442e8e918cc226e1828f498bdc0ca"},
    {file = "watchdog-2.1.3-pp36-pypy36_pp73-macosx_10_9_x86_64.whl", hash = "sha256:bf84bd94cbaad8f6b9cbaeef43080920f4cb0e61ad90af7106b3de402f5fe127"},
    {file = "watchdog-2.1.3-pp37-pypy37_pp73-macosx_10_9_x86_64.whl", hash = "sha256:b8ddb2c9f92e0c686ea77341dcb58216fa5ff7d5f992c7278ee8a392a06e86bb"},
    {file = "watchdog-2.1.3-py3-none-manylinux2014_aarch64.whl", hash = "sha256:8805a5f468862daf1e4f4447b0ccf3acaff626eaa57fbb46d7960d1cf09f2e6d"},
    {file = "watchdog-2.1.3-py3-none-manylinux2014_armv7l.whl", hash = "sha256:3e305ea2757f81d8ebd8559d1a944ed83e3ab1bdf68bcf16ec851b97c08dc035"},
    {file = "watchdog-2.1.3-py3-none-manylinux2014_i686.whl", hash = "sha256:431a3ea70b20962e6dee65f0eeecd768cd3085ea613ccb9b53c8969de9f6ebd2"},
    {file = "watchdog-2.1.3-py3-none-manylinux2014_ppc64.whl", hash = "sha256:e4929ac2aaa2e4f1a30a36751160be391911da463a8799460340901517298b13"},
    {file = "watchdog-2.1.3-py3-none-manylinux2014_ppc64le.whl", hash = "sha256:201cadf0b8c11922f54ec97482f95b2aafca429c4c3a4bb869a14f3c20c32686"},
    {file = "watchdog-2.1.3-py3-none-manylinux2014_s390x.whl", hash = "sha256:3a7d242a7963174684206093846537220ee37ba9986b824a326a8bb4ef329a33"},
    {file = "watchdog-2.1.3-py3-none-manylinux2014_x86_64.whl", hash = "sha256:54e057727dd18bd01a3060dbf5104eb5a495ca26316487e0f32a394fd5fe725a"},
    {file = "watchdog-2.1.3-py3-none-win32.whl", hash = "sha256:b5fc5c127bad6983eecf1ad117ab3418949f18af9c8758bd10158be3647298a9"},
    {file = "watchdog-2.1.3-py3-none-win_amd64.whl", hash = "sha256:44acad6f642996a2b50bb9ce4fb3730dde08f23e79e20cd3d8e2a2076b730381"},
    {file = "watchdog-2.1.3-py3-none-win_ia64.whl", hash = "sha256:0bcdf7b99b56a3ae069866c33d247c9994ffde91b620eaf0306b27e099bd1ae0"},
    {file = "watchdog-2.1.3.tar.gz", hash = "sha256:e5236a8e8602ab6db4b873664c2d356c365ab3cac96fbdec4970ad616415dd45"},
]
wcwidth = [
    {file = "wcwidth-0.2.5-py2.py3-none-any.whl", hash = "sha256:beb4802a9cebb9144e99086eff703a642a13d6a0052920003a230f3294bbe784"},
    {file = "wcwidth-0.2.5.tar.gz", hash = "sha256:c4d647b99872929fdb7bdcaa4fbe7f01413ed3d98077df798530e5b04f116c83"},
]
